// !$*UTF8*$!
{
	archiveVersion = 1;
	classes = {
	};
	objectVersion = 46;
	objects = {

/* Begin PBXBuildFile section */
		010798941DFFA006003F0878 /* PreviousTrips.storyboard in Resources */ = {isa = PBXBuildFile; fileRef = 0107988F1DFFA006003F0878 /* PreviousTrips.storyboard */; };
		010798961DFFA006003F0878 /* TableViewCell.swift in Sources */ = {isa = PBXBuildFile; fileRef = 010798911DFFA006003F0878 /* TableViewCell.swift */; };
		010798971DFFA006003F0878 /* PreviousTripsViewController.swift in Sources */ = {isa = PBXBuildFile; fileRef = 010798921DFFA006003F0878 /* PreviousTripsViewController.swift */; };
		3CE529371DFCF337005465D6 /* DataObjects.swift in Sources */ = {isa = PBXBuildFile; fileRef = 3CE529361DFCF337005465D6 /* DataObjects.swift */; };
		69C95C77DEE5BEAEDF29E6BC /* Pods_gotrack.framework in Frameworks */ = {isa = PBXBuildFile; fileRef = 6B9648FEF1A17F195A0FD6F7 /* Pods_gotrack.framework */; };
		94205C721DFFA79A006BC368 /* Welcome.storyboard in Resources */ = {isa = PBXBuildFile; fileRef = 94205C711DFFA79A006BC368 /* Welcome.storyboard */; };
		94205C741DFFA7A3006BC368 /* WelcomeViewController.swift in Sources */ = {isa = PBXBuildFile; fileRef = 94205C731DFFA7A3006BC368 /* WelcomeViewController.swift */; };
		94205C761DFFBBB0006BC368 /* Settings.storyboard in Resources */ = {isa = PBXBuildFile; fileRef = 94205C751DFFBBAF006BC368 /* Settings.storyboard */; };
		948F367E1DFCC75400E3525A /* HelperFunctions.swift in Sources */ = {isa = PBXBuildFile; fileRef = 94D29A2A1DF7B30E002955BB /* HelperFunctions.swift */; };
		948F36801DFCC7EC00E3525A /* TripsModule.swift in Sources */ = {isa = PBXBuildFile; fileRef = 948F367F1DFCC7EC00E3525A /* TripsModule.swift */; };
		948F36821DFCC80D00E3525A /* MockDB.swift in Sources */ = {isa = PBXBuildFile; fileRef = 948F36811DFCC80D00E3525A /* MockDB.swift */; };
		948F36841DFCD51D00E3525A /* WelcomeRedirectViewController.swift in Sources */ = {isa = PBXBuildFile; fileRef = 948F36831DFCD51D00E3525A /* WelcomeRedirectViewController.swift */; };
		948F36881DFCF35600E3525A /* HamburgerMenuViewController.swift in Sources */ = {isa = PBXBuildFile; fileRef = 948F36871DFCF35600E3525A /* HamburgerMenuViewController.swift */; };
		94D29A281DF7B126002955BB /* HamburgerMenu.storyboard in Resources */ = {isa = PBXBuildFile; fileRef = 94D29A271DF7B126002955BB /* HamburgerMenu.storyboard */; };
		94D29A341DF7BAEB002955BB /* Utilities.swift in Sources */ = {isa = PBXBuildFile; fileRef = 94D29A331DF7BAEB002955BB /* Utilities.swift */; };
		94D29A361DF7D5A0002955BB /* MainViewController.swift in Sources */ = {isa = PBXBuildFile; fileRef = 94D29A351DF7D5A0002955BB /* MainViewController.swift */; };
		94EDD0E31DFCB69E0007D5A8 /* SideMenuRedirect.storyboard in Resources */ = {isa = PBXBuildFile; fileRef = 94EDD0E21DFCB69E0007D5A8 /* SideMenuRedirect.storyboard */; };
		94EDD0E51DFCB77C0007D5A8 /* HomeViewController.swift in Sources */ = {isa = PBXBuildFile; fileRef = 94EDD0E41DFCB77C0007D5A8 /* HomeViewController.swift */; };
		94EDD0E81DFCBF820007D5A8 /* Home.storyboard in Resources */ = {isa = PBXBuildFile; fileRef = 94EDD0E71DFCBF820007D5A8 /* Home.storyboard */; };
		94EDD0EB1DFCC0430007D5A8 /* SideMenuViewController.swift in Sources */ = {isa = PBXBuildFile; fileRef = 94EDD0EA1DFCC0430007D5A8 /* SideMenuViewController.swift */; };
		A40B33721DFE82540066EADA /* MenuViewController.swift in Sources */ = {isa = PBXBuildFile; fileRef = A40B33711DFE82540066EADA /* MenuViewController.swift */; };
		A40B33741DFE89E20066EADA /* SettingsViewController.swift in Sources */ = {isa = PBXBuildFile; fileRef = A40B33731DFE89E20066EADA /* SettingsViewController.swift */; };
		A4341A6E1DFCCB51007E91FA /* Dylan-storyboard.storyboard in Resources */ = {isa = PBXBuildFile; fileRef = A4341A6D1DFCCB51007E91FA /* Dylan-storyboard.storyboard */; };
		A4341A701DFCCCF6007E91FA /* DylanViewController.swift in Sources */ = {isa = PBXBuildFile; fileRef = A4341A6F1DFCCCF6007E91FA /* DylanViewController.swift */; };
		A4341A721DFCD898007E91FA /* onboardViewController.swift in Sources */ = {isa = PBXBuildFile; fileRef = A4341A711DFCD898007E91FA /* onboardViewController.swift */; };
		A49C6C491DEEAFAF00622ACC /* AppDelegate.swift in Sources */ = {isa = PBXBuildFile; fileRef = A49C6C481DEEAFAF00622ACC /* AppDelegate.swift */; };
		A49C6C4B1DEEAFAF00622ACC /* ViewController.swift in Sources */ = {isa = PBXBuildFile; fileRef = A49C6C4A1DEEAFAF00622ACC /* ViewController.swift */; };
		A49C6C4E1DEEAFAF00622ACC /* Main.storyboard in Resources */ = {isa = PBXBuildFile; fileRef = A49C6C4C1DEEAFAF00622ACC /* Main.storyboard */; };
		A49C6C501DEEAFAF00622ACC /* Assets.xcassets in Resources */ = {isa = PBXBuildFile; fileRef = A49C6C4F1DEEAFAF00622ACC /* Assets.xcassets */; };
		A49C6C531DEEAFAF00622ACC /* LaunchScreen.storyboard in Resources */ = {isa = PBXBuildFile; fileRef = A49C6C511DEEAFAF00622ACC /* LaunchScreen.storyboard */; };
		A49C6C5E1DEEAFAF00622ACC /* gotrackTests.swift in Sources */ = {isa = PBXBuildFile; fileRef = A49C6C5D1DEEAFAF00622ACC /* gotrackTests.swift */; };
		A49C6C691DEEAFAF00622ACC /* gotrackUITests.swift in Sources */ = {isa = PBXBuildFile; fileRef = A49C6C681DEEAFAF00622ACC /* gotrackUITests.swift */; };
		A4BE3B1D1DFF3C0F00280263 /* Bolts.framework in Frameworks */ = {isa = PBXBuildFile; fileRef = A4BE3B191DFF3C0F00280263 /* Bolts.framework */; };
		A4BE3B1E1DFF3C0F00280263 /* FBSDKCoreKit.framework in Frameworks */ = {isa = PBXBuildFile; fileRef = A4BE3B1A1DFF3C0F00280263 /* FBSDKCoreKit.framework */; };
		A4BE3B1F1DFF3C0F00280263 /* FBSDKLoginKit.framework in Frameworks */ = {isa = PBXBuildFile; fileRef = A4BE3B1B1DFF3C0F00280263 /* FBSDKLoginKit.framework */; };
		A4BE3B201DFF3C0F00280263 /* FBSDKShareKit.framework in Frameworks */ = {isa = PBXBuildFile; fileRef = A4BE3B1C1DFF3C0F00280263 /* FBSDKShareKit.framework */; };
/* End PBXBuildFile section */

/* Begin PBXContainerItemProxy section */
		A49C6C5A1DEEAFAF00622ACC /* PBXContainerItemProxy */ = {
			isa = PBXContainerItemProxy;
			containerPortal = A49C6C3D1DEEAFAF00622ACC /* Project object */;
			proxyType = 1;
			remoteGlobalIDString = A49C6C441DEEAFAF00622ACC;
			remoteInfo = gotrack;
		};
		A49C6C651DEEAFAF00622ACC /* PBXContainerItemProxy */ = {
			isa = PBXContainerItemProxy;
			containerPortal = A49C6C3D1DEEAFAF00622ACC /* Project object */;
			proxyType = 1;
			remoteGlobalIDString = A49C6C441DEEAFAF00622ACC;
			remoteInfo = gotrack;
		};
/* End PBXContainerItemProxy section */

/* Begin PBXFileReference section */
		0107988F1DFFA006003F0878 /* PreviousTrips.storyboard */ = {isa = PBXFileReference; fileEncoding = 4; lastKnownFileType = file.storyboard; name = PreviousTrips.storyboard; path = history/PreviousTrips.storyboard; sourceTree = "<group>"; };
		010798911DFFA006003F0878 /* TableViewCell.swift */ = {isa = PBXFileReference; fileEncoding = 4; lastKnownFileType = sourcecode.swift; name = TableViewCell.swift; path = history/TableViewCell.swift; sourceTree = "<group>"; };
		010798921DFFA006003F0878 /* PreviousTripsViewController.swift */ = {isa = PBXFileReference; fileEncoding = 4; lastKnownFileType = sourcecode.swift; name = PreviousTripsViewController.swift; path = history/PreviousTripsViewController.swift; sourceTree = "<group>"; };
		3CE529361DFCF337005465D6 /* DataObjects.swift */ = {isa = PBXFileReference; fileEncoding = 4; lastKnownFileType = sourcecode.swift; path = DataObjects.swift; sourceTree = "<group>"; };
		603DD2B99E7416592444A7C8 /* Pods-gotrack.release.xcconfig */ = {isa = PBXFileReference; includeInIndex = 1; lastKnownFileType = text.xcconfig; name = "Pods-gotrack.release.xcconfig"; path = "Pods/Target Support Files/Pods-gotrack/Pods-gotrack.release.xcconfig"; sourceTree = "<group>"; };
		6B9648FEF1A17F195A0FD6F7 /* Pods_gotrack.framework */ = {isa = PBXFileReference; explicitFileType = wrapper.framework; includeInIndex = 0; path = Pods_gotrack.framework; sourceTree = BUILT_PRODUCTS_DIR; };
		94205C711DFFA79A006BC368 /* Welcome.storyboard */ = {isa = PBXFileReference; fileEncoding = 4; lastKnownFileType = file.storyboard; path = Welcome.storyboard; sourceTree = "<group>"; };
		94205C731DFFA7A3006BC368 /* WelcomeViewController.swift */ = {isa = PBXFileReference; fileEncoding = 4; lastKnownFileType = sourcecode.swift; path = WelcomeViewController.swift; sourceTree = "<group>"; };
		94205C751DFFBBAF006BC368 /* Settings.storyboard */ = {isa = PBXFileReference; fileEncoding = 4; lastKnownFileType = file.storyboard; path = Settings.storyboard; sourceTree = "<group>"; };
		948F367F1DFCC7EC00E3525A /* TripsModule.swift */ = {isa = PBXFileReference; fileEncoding = 4; lastKnownFileType = sourcecode.swift; path = TripsModule.swift; sourceTree = "<group>"; };
		948F36811DFCC80D00E3525A /* MockDB.swift */ = {isa = PBXFileReference; fileEncoding = 4; lastKnownFileType = sourcecode.swift; path = MockDB.swift; sourceTree = "<group>"; };
		948F36831DFCD51D00E3525A /* WelcomeRedirectViewController.swift */ = {isa = PBXFileReference; fileEncoding = 4; lastKnownFileType = sourcecode.swift; path = WelcomeRedirectViewController.swift; sourceTree = "<group>"; };
		948F36871DFCF35600E3525A /* HamburgerMenuViewController.swift */ = {isa = PBXFileReference; fileEncoding = 4; lastKnownFileType = sourcecode.swift; path = HamburgerMenuViewController.swift; sourceTree = "<group>"; };
		94D29A271DF7B126002955BB /* HamburgerMenu.storyboard */ = {isa = PBXFileReference; fileEncoding = 4; lastKnownFileType = file.storyboard; path = HamburgerMenu.storyboard; sourceTree = "<group>"; };
		94D29A2A1DF7B30E002955BB /* HelperFunctions.swift */ = {isa = PBXFileReference; fileEncoding = 4; lastKnownFileType = sourcecode.swift; path = HelperFunctions.swift; sourceTree = "<group>"; };
		94D29A331DF7BAEB002955BB /* Utilities.swift */ = {isa = PBXFileReference; fileEncoding = 4; lastKnownFileType = sourcecode.swift; path = Utilities.swift; sourceTree = "<group>"; };
		94D29A351DF7D5A0002955BB /* MainViewController.swift */ = {isa = PBXFileReference; fileEncoding = 4; lastKnownFileType = sourcecode.swift; path = MainViewController.swift; sourceTree = "<group>"; };
		94EDD0E21DFCB69E0007D5A8 /* SideMenuRedirect.storyboard */ = {isa = PBXFileReference; fileEncoding = 4; lastKnownFileType = file.storyboard; path = SideMenuRedirect.storyboard; sourceTree = "<group>"; };
		94EDD0E41DFCB77C0007D5A8 /* HomeViewController.swift */ = {isa = PBXFileReference; fileEncoding = 4; lastKnownFileType = sourcecode.swift; path = HomeViewController.swift; sourceTree = "<group>"; };
		94EDD0E71DFCBF820007D5A8 /* Home.storyboard */ = {isa = PBXFileReference; fileEncoding = 4; lastKnownFileType = file.storyboard; path = Home.storyboard; sourceTree = "<group>"; };
		94EDD0EA1DFCC0430007D5A8 /* SideMenuViewController.swift */ = {isa = PBXFileReference; fileEncoding = 4; lastKnownFileType = sourcecode.swift; path = SideMenuViewController.swift; sourceTree = "<group>"; };
		A40B33711DFE82540066EADA /* MenuViewController.swift */ = {isa = PBXFileReference; fileEncoding = 4; lastKnownFileType = sourcecode.swift; path = MenuViewController.swift; sourceTree = "<group>"; };
		A40B33731DFE89E20066EADA /* SettingsViewController.swift */ = {isa = PBXFileReference; fileEncoding = 4; lastKnownFileType = sourcecode.swift; path = SettingsViewController.swift; sourceTree = "<group>"; };
		A4341A6D1DFCCB51007E91FA /* Dylan-storyboard.storyboard */ = {isa = PBXFileReference; fileEncoding = 4; lastKnownFileType = file.storyboard; path = "Dylan-storyboard.storyboard"; sourceTree = "<group>"; };
		A4341A6F1DFCCCF6007E91FA /* DylanViewController.swift */ = {isa = PBXFileReference; fileEncoding = 4; lastKnownFileType = sourcecode.swift; path = DylanViewController.swift; sourceTree = "<group>"; };
		A4341A711DFCD898007E91FA /* onboardViewController.swift */ = {isa = PBXFileReference; fileEncoding = 4; lastKnownFileType = sourcecode.swift; path = onboardViewController.swift; sourceTree = "<group>"; };
		A49C6C451DEEAFAF00622ACC /* gotrack.app */ = {isa = PBXFileReference; explicitFileType = wrapper.application; includeInIndex = 0; path = gotrack.app; sourceTree = BUILT_PRODUCTS_DIR; };
		A49C6C481DEEAFAF00622ACC /* AppDelegate.swift */ = {isa = PBXFileReference; lastKnownFileType = sourcecode.swift; path = AppDelegate.swift; sourceTree = "<group>"; };
		A49C6C4A1DEEAFAF00622ACC /* ViewController.swift */ = {isa = PBXFileReference; lastKnownFileType = sourcecode.swift; path = ViewController.swift; sourceTree = "<group>"; };
		A49C6C4D1DEEAFAF00622ACC /* Base */ = {isa = PBXFileReference; lastKnownFileType = file.storyboard; name = Base; path = Base.lproj/Main.storyboard; sourceTree = "<group>"; };
		A49C6C4F1DEEAFAF00622ACC /* Assets.xcassets */ = {isa = PBXFileReference; lastKnownFileType = folder.assetcatalog; path = Assets.xcassets; sourceTree = "<group>"; };
		A49C6C521DEEAFAF00622ACC /* Base */ = {isa = PBXFileReference; lastKnownFileType = file.storyboard; name = Base; path = Base.lproj/LaunchScreen.storyboard; sourceTree = "<group>"; };
		A49C6C541DEEAFAF00622ACC /* Info.plist */ = {isa = PBXFileReference; lastKnownFileType = text.plist.xml; path = Info.plist; sourceTree = "<group>"; };
		A49C6C591DEEAFAF00622ACC /* gotrackTests.xctest */ = {isa = PBXFileReference; explicitFileType = wrapper.cfbundle; includeInIndex = 0; path = gotrackTests.xctest; sourceTree = BUILT_PRODUCTS_DIR; };
		A49C6C5D1DEEAFAF00622ACC /* gotrackTests.swift */ = {isa = PBXFileReference; lastKnownFileType = sourcecode.swift; path = gotrackTests.swift; sourceTree = "<group>"; };
		A49C6C5F1DEEAFAF00622ACC /* Info.plist */ = {isa = PBXFileReference; lastKnownFileType = text.plist.xml; path = Info.plist; sourceTree = "<group>"; };
		A49C6C641DEEAFAF00622ACC /* gotrackUITests.xctest */ = {isa = PBXFileReference; explicitFileType = wrapper.cfbundle; includeInIndex = 0; path = gotrackUITests.xctest; sourceTree = BUILT_PRODUCTS_DIR; };
		A49C6C681DEEAFAF00622ACC /* gotrackUITests.swift */ = {isa = PBXFileReference; lastKnownFileType = sourcecode.swift; path = gotrackUITests.swift; sourceTree = "<group>"; };
		A49C6C6A1DEEAFAF00622ACC /* Info.plist */ = {isa = PBXFileReference; lastKnownFileType = text.plist.xml; path = Info.plist; sourceTree = "<group>"; };
		A4BE3B191DFF3C0F00280263 /* Bolts.framework */ = {isa = PBXFileReference; lastKnownFileType = wrapper.framework; path = Bolts.framework; sourceTree = "<group>"; };
		A4BE3B1A1DFF3C0F00280263 /* FBSDKCoreKit.framework */ = {isa = PBXFileReference; lastKnownFileType = wrapper.framework; path = FBSDKCoreKit.framework; sourceTree = "<group>"; };
		A4BE3B1B1DFF3C0F00280263 /* FBSDKLoginKit.framework */ = {isa = PBXFileReference; lastKnownFileType = wrapper.framework; path = FBSDKLoginKit.framework; sourceTree = "<group>"; };
		A4BE3B1C1DFF3C0F00280263 /* FBSDKShareKit.framework */ = {isa = PBXFileReference; lastKnownFileType = wrapper.framework; path = FBSDKShareKit.framework; sourceTree = "<group>"; };
		BE586CE3DD9CEC2FD04C46EF /* Pods-gotrack.debug.xcconfig */ = {isa = PBXFileReference; includeInIndex = 1; lastKnownFileType = text.xcconfig; name = "Pods-gotrack.debug.xcconfig"; path = "Pods/Target Support Files/Pods-gotrack/Pods-gotrack.debug.xcconfig"; sourceTree = "<group>"; };
/* End PBXFileReference section */

/* Begin PBXFrameworksBuildPhase section */
		A49C6C421DEEAFAF00622ACC /* Frameworks */ = {
			isa = PBXFrameworksBuildPhase;
			buildActionMask = 2147483647;
			files = (
				69C95C77DEE5BEAEDF29E6BC /* Pods_gotrack.framework in Frameworks */,
				A4BE3B1E1DFF3C0F00280263 /* FBSDKCoreKit.framework in Frameworks */,
				A4BE3B201DFF3C0F00280263 /* FBSDKShareKit.framework in Frameworks */,
				A4BE3B1F1DFF3C0F00280263 /* FBSDKLoginKit.framework in Frameworks */,
				A4BE3B1D1DFF3C0F00280263 /* Bolts.framework in Frameworks */,
			);
			runOnlyForDeploymentPostprocessing = 0;
		};
		A49C6C561DEEAFAF00622ACC /* Frameworks */ = {
			isa = PBXFrameworksBuildPhase;
			buildActionMask = 2147483647;
			files = (
			);
			runOnlyForDeploymentPostprocessing = 0;
		};
		A49C6C611DEEAFAF00622ACC /* Frameworks */ = {
			isa = PBXFrameworksBuildPhase;
			buildActionMask = 2147483647;
			files = (
			);
			runOnlyForDeploymentPostprocessing = 0;
		};
/* End PBXFrameworksBuildPhase section */

/* Begin PBXGroup section */
		481734ACA67880FED5B2AF36 /* Frameworks */ = {
			isa = PBXGroup;
			children = (
				A4BE3B191DFF3C0F00280263 /* Bolts.framework */,
				A4BE3B1A1DFF3C0F00280263 /* FBSDKCoreKit.framework */,
				A4BE3B1B1DFF3C0F00280263 /* FBSDKLoginKit.framework */,
				A4BE3B1C1DFF3C0F00280263 /* FBSDKShareKit.framework */,
				6B9648FEF1A17F195A0FD6F7 /* Pods_gotrack.framework */,
			);
			name = Frameworks;
			sourceTree = "<group>";
		};
		94205C781DFFD54E006BC368 /* DataModels */ = {
			isa = PBXGroup;
			children = (
				948F36811DFCC80D00E3525A /* MockDB.swift */,
				948F367F1DFCC7EC00E3525A /* TripsModule.swift */,
			);
			name = DataModels;
			sourceTree = "<group>";
		};
		94205C791DFFD578006BC368 /* SupportingFiles */ = {
			isa = PBXGroup;
			children = (
				94D29A2A1DF7B30E002955BB /* HelperFunctions.swift */,
				94D29A331DF7BAEB002955BB /* Utilities.swift */,
			);
			name = SupportingFiles;
			sourceTree = "<group>";
		};
		94D29A291DF7B2B3002955BB /* Keegans Code */ = {
			isa = PBXGroup;
			children = (
				94D29A351DF7D5A0002955BB /* MainViewController.swift */,
			);
			name = "Keegans Code";
			sourceTree = "<group>";
		};
		94EDD0E91DFCBFC20007D5A8 /* Storyboards */ = {
			isa = PBXGroup;
			children = (
				94D29A271DF7B126002955BB /* HamburgerMenu.storyboard */,
				94EDD0E71DFCBF820007D5A8 /* Home.storyboard */,
				0107988F1DFFA006003F0878 /* PreviousTrips.storyboard */,
				94205C751DFFBBAF006BC368 /* Settings.storyboard */,
				94EDD0E21DFCB69E0007D5A8 /* SideMenuRedirect.storyboard */,
				94205C711DFFA79A006BC368 /* Welcome.storyboard */,
			);
			name = Storyboards;
			sourceTree = "<group>";
		};
		94EDD0EE1DFCC49C0007D5A8 /* ViewControllers */ = {
			isa = PBXGroup;
			children = (
				948F36871DFCF35600E3525A /* HamburgerMenuViewController.swift */,
				94EDD0E41DFCB77C0007D5A8 /* HomeViewController.swift */,
				010798921DFFA006003F0878 /* PreviousTripsViewController.swift */,
				94EDD0EA1DFCC0430007D5A8 /* SideMenuViewController.swift */,
				010798911DFFA006003F0878 /* TableViewCell.swift */,
				948F36831DFCD51D00E3525A /* WelcomeRedirectViewController.swift */,
				94205C731DFFA7A3006BC368 /* WelcomeViewController.swift */,
			);
			name = ViewControllers;
			sourceTree = "<group>";
		};
		A4341A6C1DFCCB2E007E91FA /* Dylan's code */ = {
			isa = PBXGroup;
			children = (
				A4341A6D1DFCCB51007E91FA /* Dylan-storyboard.storyboard */,
				A40B33711DFE82540066EADA /* MenuViewController.swift */,
				A40B33731DFE89E20066EADA /* SettingsViewController.swift */,
				A4341A711DFCD898007E91FA /* onboardViewController.swift */,
				A4341A6F1DFCCCF6007E91FA /* DylanViewController.swift */,
			);
			name = "Dylan's code";
			sourceTree = "<group>";
		};
		A49C6C3C1DEEAFAF00622ACC = {
			isa = PBXGroup;
			children = (
				A49C6C471DEEAFAF00622ACC /* gotrack */,
				A49C6C5C1DEEAFAF00622ACC /* gotrackTests */,
				A49C6C671DEEAFAF00622ACC /* gotrackUITests */,
				A49C6C461DEEAFAF00622ACC /* Products */,
				EB7A79938A9E8E8EF3C7A05B /* Pods */,
				481734ACA67880FED5B2AF36 /* Frameworks */,
			);
			sourceTree = "<group>";
		};
		A49C6C461DEEAFAF00622ACC /* Products */ = {
			isa = PBXGroup;
			children = (
				A49C6C451DEEAFAF00622ACC /* gotrack.app */,
				A49C6C591DEEAFAF00622ACC /* gotrackTests.xctest */,
				A49C6C641DEEAFAF00622ACC /* gotrackUITests.xctest */,
			);
			name = Products;
			sourceTree = "<group>";
		};
		A49C6C471DEEAFAF00622ACC /* gotrack */ = {
			isa = PBXGroup;
			children = (
				94205C791DFFD578006BC368 /* SupportingFiles */,
				94205C781DFFD54E006BC368 /* DataModels */,
				94EDD0EE1DFCC49C0007D5A8 /* ViewControllers */,
				94EDD0E91DFCBFC20007D5A8 /* Storyboards */,
				A4341A6C1DFCCB2E007E91FA /* Dylan's code */,
				94D29A291DF7B2B3002955BB /* Keegans Code */,
				A49C6C481DEEAFAF00622ACC /* AppDelegate.swift */,
				3CE529361DFCF337005465D6 /* DataObjects.swift */,
				A49C6C4A1DEEAFAF00622ACC /* ViewController.swift */,
				A49C6C4C1DEEAFAF00622ACC /* Main.storyboard */,
				A49C6C4F1DEEAFAF00622ACC /* Assets.xcassets */,
				A49C6C511DEEAFAF00622ACC /* LaunchScreen.storyboard */,
				A49C6C541DEEAFAF00622ACC /* Info.plist */,
			);
			path = gotrack;
			sourceTree = "<group>";
		};
		A49C6C5C1DEEAFAF00622ACC /* gotrackTests */ = {
			isa = PBXGroup;
			children = (
				A49C6C5D1DEEAFAF00622ACC /* gotrackTests.swift */,
				A49C6C5F1DEEAFAF00622ACC /* Info.plist */,
			);
			path = gotrackTests;
			sourceTree = "<group>";
		};
		A49C6C671DEEAFAF00622ACC /* gotrackUITests */ = {
			isa = PBXGroup;
			children = (
				A49C6C681DEEAFAF00622ACC /* gotrackUITests.swift */,
				A49C6C6A1DEEAFAF00622ACC /* Info.plist */,
			);
			path = gotrackUITests;
			sourceTree = "<group>";
		};
		EB7A79938A9E8E8EF3C7A05B /* Pods */ = {
			isa = PBXGroup;
			children = (
				BE586CE3DD9CEC2FD04C46EF /* Pods-gotrack.debug.xcconfig */,
				603DD2B99E7416592444A7C8 /* Pods-gotrack.release.xcconfig */,
			);
			name = Pods;
			sourceTree = "<group>";
		};
/* End PBXGroup section */

/* Begin PBXNativeTarget section */
		A49C6C441DEEAFAF00622ACC /* gotrack */ = {
			isa = PBXNativeTarget;
			buildConfigurationList = A49C6C6D1DEEAFAF00622ACC /* Build configuration list for PBXNativeTarget "gotrack" */;
			buildPhases = (
				E36301C4A9EE59659069F464 /* [CP] Check Pods Manifest.lock */,
				A49C6C411DEEAFAF00622ACC /* Sources */,
				A49C6C421DEEAFAF00622ACC /* Frameworks */,
				A49C6C431DEEAFAF00622ACC /* Resources */,
				4C01420C9B1834B4FE5FDFD6 /* [CP] Embed Pods Frameworks */,
				B61AF558CBEF75507D6F3A64 /* [CP] Copy Pods Resources */,
			);
			buildRules = (
			);
			dependencies = (
			);
			name = gotrack;
			productName = gotrack;
			productReference = A49C6C451DEEAFAF00622ACC /* gotrack.app */;
			productType = "com.apple.product-type.application";
		};
		A49C6C581DEEAFAF00622ACC /* gotrackTests */ = {
			isa = PBXNativeTarget;
			buildConfigurationList = A49C6C701DEEAFAF00622ACC /* Build configuration list for PBXNativeTarget "gotrackTests" */;
			buildPhases = (
				A49C6C551DEEAFAF00622ACC /* Sources */,
				A49C6C561DEEAFAF00622ACC /* Frameworks */,
				A49C6C571DEEAFAF00622ACC /* Resources */,
			);
			buildRules = (
			);
			dependencies = (
				A49C6C5B1DEEAFAF00622ACC /* PBXTargetDependency */,
			);
			name = gotrackTests;
			productName = gotrackTests;
			productReference = A49C6C591DEEAFAF00622ACC /* gotrackTests.xctest */;
			productType = "com.apple.product-type.bundle.unit-test";
		};
		A49C6C631DEEAFAF00622ACC /* gotrackUITests */ = {
			isa = PBXNativeTarget;
			buildConfigurationList = A49C6C731DEEAFAF00622ACC /* Build configuration list for PBXNativeTarget "gotrackUITests" */;
			buildPhases = (
				A49C6C601DEEAFAF00622ACC /* Sources */,
				A49C6C611DEEAFAF00622ACC /* Frameworks */,
				A49C6C621DEEAFAF00622ACC /* Resources */,
			);
			buildRules = (
			);
			dependencies = (
				A49C6C661DEEAFAF00622ACC /* PBXTargetDependency */,
			);
			name = gotrackUITests;
			productName = gotrackUITests;
			productReference = A49C6C641DEEAFAF00622ACC /* gotrackUITests.xctest */;
			productType = "com.apple.product-type.bundle.ui-testing";
		};
/* End PBXNativeTarget section */

/* Begin PBXProject section */
		A49C6C3D1DEEAFAF00622ACC /* Project object */ = {
			isa = PBXProject;
			attributes = {
				LastSwiftUpdateCheck = 0810;
				LastUpgradeCheck = 0810;
				ORGANIZATIONNAME = "Babbs, Dylan";
				TargetAttributes = {
					A49C6C441DEEAFAF00622ACC = {
						CreatedOnToolsVersion = 8.1;
						DevelopmentTeam = 4Q874DC73G;
						ProvisioningStyle = Automatic;
					};
					A49C6C581DEEAFAF00622ACC = {
						CreatedOnToolsVersion = 8.1;
						ProvisioningStyle = Automatic;
						TestTargetID = A49C6C441DEEAFAF00622ACC;
					};
					A49C6C631DEEAFAF00622ACC = {
						CreatedOnToolsVersion = 8.1;
						ProvisioningStyle = Automatic;
						TestTargetID = A49C6C441DEEAFAF00622ACC;
					};
				};
			};
			buildConfigurationList = A49C6C401DEEAFAF00622ACC /* Build configuration list for PBXProject "gotrack" */;
			compatibilityVersion = "Xcode 3.2";
			developmentRegion = English;
			hasScannedForEncodings = 0;
			knownRegions = (
				en,
				Base,
			);
			mainGroup = A49C6C3C1DEEAFAF00622ACC;
			productRefGroup = A49C6C461DEEAFAF00622ACC /* Products */;
			projectDirPath = "";
			projectRoot = "";
			targets = (
				A49C6C441DEEAFAF00622ACC /* gotrack */,
				A49C6C581DEEAFAF00622ACC /* gotrackTests */,
				A49C6C631DEEAFAF00622ACC /* gotrackUITests */,
			);
		};
/* End PBXProject section */

/* Begin PBXResourcesBuildPhase section */
		A49C6C431DEEAFAF00622ACC /* Resources */ = {
			isa = PBXResourcesBuildPhase;
			buildActionMask = 2147483647;
			files = (
				010798941DFFA006003F0878 /* PreviousTrips.storyboard in Resources */,
				A4341A6E1DFCCB51007E91FA /* Dylan-storyboard.storyboard in Resources */,
				94EDD0E81DFCBF820007D5A8 /* Home.storyboard in Resources */,
				A49C6C531DEEAFAF00622ACC /* LaunchScreen.storyboard in Resources */,
				94D29A281DF7B126002955BB /* HamburgerMenu.storyboard in Resources */,
				94205C761DFFBBB0006BC368 /* Settings.storyboard in Resources */,
				94205C721DFFA79A006BC368 /* Welcome.storyboard in Resources */,
				A49C6C501DEEAFAF00622ACC /* Assets.xcassets in Resources */,
				A49C6C4E1DEEAFAF00622ACC /* Main.storyboard in Resources */,
				94EDD0E31DFCB69E0007D5A8 /* SideMenuRedirect.storyboard in Resources */,
			);
			runOnlyForDeploymentPostprocessing = 0;
		};
		A49C6C571DEEAFAF00622ACC /* Resources */ = {
			isa = PBXResourcesBuildPhase;
			buildActionMask = 2147483647;
			files = (
			);
			runOnlyForDeploymentPostprocessing = 0;
		};
		A49C6C621DEEAFAF00622ACC /* Resources */ = {
			isa = PBXResourcesBuildPhase;
			buildActionMask = 2147483647;
			files = (
			);
			runOnlyForDeploymentPostprocessing = 0;
		};
/* End PBXResourcesBuildPhase section */

/* Begin PBXShellScriptBuildPhase section */
		4C01420C9B1834B4FE5FDFD6 /* [CP] Embed Pods Frameworks */ = {
			isa = PBXShellScriptBuildPhase;
			buildActionMask = 2147483647;
			files = (
			);
			inputPaths = (
			);
			name = "[CP] Embed Pods Frameworks";
			outputPaths = (
			);
			runOnlyForDeploymentPostprocessing = 0;
			shellPath = /bin/sh;
			shellScript = "\"${SRCROOT}/Pods/Target Support Files/Pods-gotrack/Pods-gotrack-frameworks.sh\"\n";
			showEnvVarsInLog = 0;
		};
		B61AF558CBEF75507D6F3A64 /* [CP] Copy Pods Resources */ = {
			isa = PBXShellScriptBuildPhase;
			buildActionMask = 2147483647;
			files = (
			);
			inputPaths = (
			);
			name = "[CP] Copy Pods Resources";
			outputPaths = (
			);
			runOnlyForDeploymentPostprocessing = 0;
			shellPath = /bin/sh;
			shellScript = "\"${SRCROOT}/Pods/Target Support Files/Pods-gotrack/Pods-gotrack-resources.sh\"\n";
			showEnvVarsInLog = 0;
		};
		E36301C4A9EE59659069F464 /* [CP] Check Pods Manifest.lock */ = {
			isa = PBXShellScriptBuildPhase;
			buildActionMask = 2147483647;
			files = (
			);
			inputPaths = (
			);
			name = "[CP] Check Pods Manifest.lock";
			outputPaths = (
			);
			runOnlyForDeploymentPostprocessing = 0;
			shellPath = /bin/sh;
			shellScript = "diff \"${PODS_ROOT}/../Podfile.lock\" \"${PODS_ROOT}/Manifest.lock\" > /dev/null\nif [ $? != 0 ] ; then\n    # print error to STDERR\n    echo \"error: The sandbox is not in sync with the Podfile.lock. Run 'pod install' or update your CocoaPods installation.\" >&2\n    exit 1\nfi\n";
			showEnvVarsInLog = 0;
		};
/* End PBXShellScriptBuildPhase section */

/* Begin PBXSourcesBuildPhase section */
		A49C6C411DEEAFAF00622ACC /* Sources */ = {
			isa = PBXSourcesBuildPhase;
			buildActionMask = 2147483647;
			files = (
				010798961DFFA006003F0878 /* TableViewCell.swift in Sources */,
				948F36881DFCF35600E3525A /* HamburgerMenuViewController.swift in Sources */,
				948F36841DFCD51D00E3525A /* WelcomeRedirectViewController.swift in Sources */,
				94D29A361DF7D5A0002955BB /* MainViewController.swift in Sources */,
				A40B33721DFE82540066EADA /* MenuViewController.swift in Sources */,
				94D29A341DF7BAEB002955BB /* Utilities.swift in Sources */,
				94205C741DFFA7A3006BC368 /* WelcomeViewController.swift in Sources */,
				A49C6C4B1DEEAFAF00622ACC /* ViewController.swift in Sources */,
				948F36801DFCC7EC00E3525A /* TripsModule.swift in Sources */,
				A49C6C491DEEAFAF00622ACC /* AppDelegate.swift in Sources */,
				A40B33741DFE89E20066EADA /* SettingsViewController.swift in Sources */,
				948F367E1DFCC75400E3525A /* HelperFunctions.swift in Sources */,
				94EDD0E51DFCB77C0007D5A8 /* HomeViewController.swift in Sources */,
				94EDD0EB1DFCC0430007D5A8 /* SideMenuViewController.swift in Sources */,
				A4341A721DFCD898007E91FA /* onboardViewController.swift in Sources */,
				3CE529371DFCF337005465D6 /* DataObjects.swift in Sources */,
				948F36821DFCC80D00E3525A /* MockDB.swift in Sources */,
				010798971DFFA006003F0878 /* PreviousTripsViewController.swift in Sources */,
				A4341A701DFCCCF6007E91FA /* DylanViewController.swift in Sources */,
			);
			runOnlyForDeploymentPostprocessing = 0;
		};
		A49C6C551DEEAFAF00622ACC /* Sources */ = {
			isa = PBXSourcesBuildPhase;
			buildActionMask = 2147483647;
			files = (
				A49C6C5E1DEEAFAF00622ACC /* gotrackTests.swift in Sources */,
			);
			runOnlyForDeploymentPostprocessing = 0;
		};
		A49C6C601DEEAFAF00622ACC /* Sources */ = {
			isa = PBXSourcesBuildPhase;
			buildActionMask = 2147483647;
			files = (
				A49C6C691DEEAFAF00622ACC /* gotrackUITests.swift in Sources */,
			);
			runOnlyForDeploymentPostprocessing = 0;
		};
/* End PBXSourcesBuildPhase section */

/* Begin PBXTargetDependency section */
		A49C6C5B1DEEAFAF00622ACC /* PBXTargetDependency */ = {
			isa = PBXTargetDependency;
			target = A49C6C441DEEAFAF00622ACC /* gotrack */;
			targetProxy = A49C6C5A1DEEAFAF00622ACC /* PBXContainerItemProxy */;
		};
		A49C6C661DEEAFAF00622ACC /* PBXTargetDependency */ = {
			isa = PBXTargetDependency;
			target = A49C6C441DEEAFAF00622ACC /* gotrack */;
			targetProxy = A49C6C651DEEAFAF00622ACC /* PBXContainerItemProxy */;
		};
/* End PBXTargetDependency section */

/* Begin PBXVariantGroup section */
		A49C6C4C1DEEAFAF00622ACC /* Main.storyboard */ = {
			isa = PBXVariantGroup;
			children = (
				A49C6C4D1DEEAFAF00622ACC /* Base */,
			);
			name = Main.storyboard;
			sourceTree = "<group>";
		};
		A49C6C511DEEAFAF00622ACC /* LaunchScreen.storyboard */ = {
			isa = PBXVariantGroup;
			children = (
				A49C6C521DEEAFAF00622ACC /* Base */,
			);
			name = LaunchScreen.storyboard;
			sourceTree = "<group>";
		};
/* End PBXVariantGroup section */

/* Begin XCBuildConfiguration section */
		A49C6C6B1DEEAFAF00622ACC /* Debug */ = {
			isa = XCBuildConfiguration;
			buildSettings = {
				ALWAYS_SEARCH_USER_PATHS = NO;
				CLANG_ANALYZER_NONNULL = YES;
				CLANG_CXX_LANGUAGE_STANDARD = "gnu++0x";
				CLANG_CXX_LIBRARY = "libc++";
				CLANG_ENABLE_MODULES = YES;
				CLANG_ENABLE_OBJC_ARC = YES;
				CLANG_WARN_BOOL_CONVERSION = YES;
				CLANG_WARN_CONSTANT_CONVERSION = YES;
				CLANG_WARN_DIRECT_OBJC_ISA_USAGE = YES_ERROR;
				CLANG_WARN_DOCUMENTATION_COMMENTS = YES;
				CLANG_WARN_EMPTY_BODY = YES;
				CLANG_WARN_ENUM_CONVERSION = YES;
				CLANG_WARN_INFINITE_RECURSION = YES;
				CLANG_WARN_INT_CONVERSION = YES;
				CLANG_WARN_OBJC_ROOT_CLASS = YES_ERROR;
				CLANG_WARN_SUSPICIOUS_MOVES = YES;
				CLANG_WARN_UNREACHABLE_CODE = YES;
				CLANG_WARN__DUPLICATE_METHOD_MATCH = YES;
				"CODE_SIGN_IDENTITY[sdk=iphoneos*]" = "iPhone Developer";
				COPY_PHASE_STRIP = NO;
				DEBUG_INFORMATION_FORMAT = dwarf;
				ENABLE_STRICT_OBJC_MSGSEND = YES;
				ENABLE_TESTABILITY = YES;
				GCC_C_LANGUAGE_STANDARD = gnu99;
				GCC_DYNAMIC_NO_PIC = NO;
				GCC_NO_COMMON_BLOCKS = YES;
				GCC_OPTIMIZATION_LEVEL = 0;
				GCC_PREPROCESSOR_DEFINITIONS = (
					"DEBUG=1",
					"$(inherited)",
				);
				GCC_WARN_64_TO_32_BIT_CONVERSION = YES;
				GCC_WARN_ABOUT_RETURN_TYPE = YES_ERROR;
				GCC_WARN_UNDECLARED_SELECTOR = YES;
				GCC_WARN_UNINITIALIZED_AUTOS = YES_AGGRESSIVE;
				GCC_WARN_UNUSED_FUNCTION = YES;
				GCC_WARN_UNUSED_VARIABLE = YES;
				IPHONEOS_DEPLOYMENT_TARGET = 10.1;
				MTL_ENABLE_DEBUG_INFO = YES;
				ONLY_ACTIVE_ARCH = YES;
				SDKROOT = iphoneos;
				SWIFT_ACTIVE_COMPILATION_CONDITIONS = DEBUG;
				SWIFT_OPTIMIZATION_LEVEL = "-Onone";
			};
			name = Debug;
		};
		A49C6C6C1DEEAFAF00622ACC /* Release */ = {
			isa = XCBuildConfiguration;
			buildSettings = {
				ALWAYS_SEARCH_USER_PATHS = NO;
				CLANG_ANALYZER_NONNULL = YES;
				CLANG_CXX_LANGUAGE_STANDARD = "gnu++0x";
				CLANG_CXX_LIBRARY = "libc++";
				CLANG_ENABLE_MODULES = YES;
				CLANG_ENABLE_OBJC_ARC = YES;
				CLANG_WARN_BOOL_CONVERSION = YES;
				CLANG_WARN_CONSTANT_CONVERSION = YES;
				CLANG_WARN_DIRECT_OBJC_ISA_USAGE = YES_ERROR;
				CLANG_WARN_DOCUMENTATION_COMMENTS = YES;
				CLANG_WARN_EMPTY_BODY = YES;
				CLANG_WARN_ENUM_CONVERSION = YES;
				CLANG_WARN_INFINITE_RECURSION = YES;
				CLANG_WARN_INT_CONVERSION = YES;
				CLANG_WARN_OBJC_ROOT_CLASS = YES_ERROR;
				CLANG_WARN_SUSPICIOUS_MOVES = YES;
				CLANG_WARN_UNREACHABLE_CODE = YES;
				CLANG_WARN__DUPLICATE_METHOD_MATCH = YES;
				"CODE_SIGN_IDENTITY[sdk=iphoneos*]" = "iPhone Developer";
				COPY_PHASE_STRIP = NO;
				DEBUG_INFORMATION_FORMAT = "dwarf-with-dsym";
				ENABLE_NS_ASSERTIONS = NO;
				ENABLE_STRICT_OBJC_MSGSEND = YES;
				GCC_C_LANGUAGE_STANDARD = gnu99;
				GCC_NO_COMMON_BLOCKS = YES;
				GCC_WARN_64_TO_32_BIT_CONVERSION = YES;
				GCC_WARN_ABOUT_RETURN_TYPE = YES_ERROR;
				GCC_WARN_UNDECLARED_SELECTOR = YES;
				GCC_WARN_UNINITIALIZED_AUTOS = YES_AGGRESSIVE;
				GCC_WARN_UNUSED_FUNCTION = YES;
				GCC_WARN_UNUSED_VARIABLE = YES;
				IPHONEOS_DEPLOYMENT_TARGET = 10.1;
				MTL_ENABLE_DEBUG_INFO = NO;
				SDKROOT = iphoneos;
				SWIFT_OPTIMIZATION_LEVEL = "-Owholemodule";
				VALIDATE_PRODUCT = YES;
			};
			name = Release;
		};
		A49C6C6E1DEEAFAF00622ACC /* Debug */ = {
			isa = XCBuildConfiguration;
			baseConfigurationReference = BE586CE3DD9CEC2FD04C46EF /* Pods-gotrack.debug.xcconfig */;
			buildSettings = {
				ASSETCATALOG_COMPILER_APPICON_NAME = AppIcon;
				DEVELOPMENT_TEAM = 4Q874DC73G;
				FRAMEWORK_SEARCH_PATHS = (
					"$(inherited)",
					"$(PROJECT_DIR)",
				);
				INFOPLIST_FILE = gotrack/Info.plist;
				LD_RUNPATH_SEARCH_PATHS = "$(inherited) @executable_path/Frameworks";
				PRODUCT_BUNDLE_IDENTIFIER = "com.babbs.gotrack-iphone";
				PRODUCT_NAME = "$(TARGET_NAME)";
				SWIFT_OBJC_BRIDGING_HEADER = "";
				SWIFT_VERSION = 3.0;
			};
			name = Debug;
		};
		A49C6C6F1DEEAFAF00622ACC /* Release */ = {
			isa = XCBuildConfiguration;
			baseConfigurationReference = 603DD2B99E7416592444A7C8 /* Pods-gotrack.release.xcconfig */;
			buildSettings = {
				ASSETCATALOG_COMPILER_APPICON_NAME = AppIcon;
				DEVELOPMENT_TEAM = 4Q874DC73G;
				FRAMEWORK_SEARCH_PATHS = (
					"$(inherited)",
					"$(PROJECT_DIR)",
				);
				INFOPLIST_FILE = gotrack/Info.plist;
				LD_RUNPATH_SEARCH_PATHS = "$(inherited) @executable_path/Frameworks";
				PRODUCT_BUNDLE_IDENTIFIER = "com.babbs.gotrack-iphone";
				PRODUCT_NAME = "$(TARGET_NAME)";
				SWIFT_OBJC_BRIDGING_HEADER = "";
				SWIFT_VERSION = 3.0;
			};
			name = Release;
		};
		A49C6C711DEEAFAF00622ACC /* Debug */ = {
			isa = XCBuildConfiguration;
			buildSettings = {
				ALWAYS_EMBED_SWIFT_STANDARD_LIBRARIES = YES;
				BUNDLE_LOADER = "$(TEST_HOST)";
				INFOPLIST_FILE = gotrackTests/Info.plist;
				LD_RUNPATH_SEARCH_PATHS = "$(inherited) @executable_path/Frameworks @loader_path/Frameworks";
				PRODUCT_BUNDLE_IDENTIFIER = com.babbs.gotrackTests;
				PRODUCT_NAME = "$(TARGET_NAME)";
				SWIFT_VERSION = 3.0;
				TEST_HOST = "$(BUILT_PRODUCTS_DIR)/gotrack.app/gotrack";
			};
			name = Debug;
		};
		A49C6C721DEEAFAF00622ACC /* Release */ = {
			isa = XCBuildConfiguration;
			buildSettings = {
				ALWAYS_EMBED_SWIFT_STANDARD_LIBRARIES = YES;
				BUNDLE_LOADER = "$(TEST_HOST)";
				INFOPLIST_FILE = gotrackTests/Info.plist;
				LD_RUNPATH_SEARCH_PATHS = "$(inherited) @executable_path/Frameworks @loader_path/Frameworks";
				PRODUCT_BUNDLE_IDENTIFIER = com.babbs.gotrackTests;
				PRODUCT_NAME = "$(TARGET_NAME)";
				SWIFT_VERSION = 3.0;
				TEST_HOST = "$(BUILT_PRODUCTS_DIR)/gotrack.app/gotrack";
			};
			name = Release;
		};
		A49C6C741DEEAFAF00622ACC /* Debug */ = {
			isa = XCBuildConfiguration;
			buildSettings = {
				ALWAYS_EMBED_SWIFT_STANDARD_LIBRARIES = YES;
				INFOPLIST_FILE = gotrackUITests/Info.plist;
				LD_RUNPATH_SEARCH_PATHS = "$(inherited) @executable_path/Frameworks @loader_path/Frameworks";
				PRODUCT_BUNDLE_IDENTIFIER = com.babbs.gotrackUITests;
				PRODUCT_NAME = "$(TARGET_NAME)";
				SWIFT_VERSION = 3.0;
				TEST_TARGET_NAME = gotrack;
			};
			name = Debug;
		};
		A49C6C751DEEAFAF00622ACC /* Release */ = {
			isa = XCBuildConfiguration;
			buildSettings = {
				ALWAYS_EMBED_SWIFT_STANDARD_LIBRARIES = YES;
				INFOPLIST_FILE = gotrackUITests/Info.plist;
				LD_RUNPATH_SEARCH_PATHS = "$(inherited) @executable_path/Frameworks @loader_path/Frameworks";
				PRODUCT_BUNDLE_IDENTIFIER = com.babbs.gotrackUITests;
				PRODUCT_NAME = "$(TARGET_NAME)";
				SWIFT_VERSION = 3.0;
				TEST_TARGET_NAME = gotrack;
			};
			name = Release;
		};
/* End XCBuildConfiguration section */

/* Begin XCConfigurationList section */
		A49C6C401DEEAFAF00622ACC /* Build configuration list for PBXProject "gotrack" */ = {
			isa = XCConfigurationList;
			buildConfigurations = (
				A49C6C6B1DEEAFAF00622ACC /* Debug */,
				A49C6C6C1DEEAFAF00622ACC /* Release */,
			);
			defaultConfigurationIsVisible = 0;
			defaultConfigurationName = Release;
		};
		A49C6C6D1DEEAFAF00622ACC /* Build configuration list for PBXNativeTarget "gotrack" */ = {
			isa = XCConfigurationList;
			buildConfigurations = (
				A49C6C6E1DEEAFAF00622ACC /* Debug */,
				A49C6C6F1DEEAFAF00622ACC /* Release */,
			);
			defaultConfigurationIsVisible = 0;
			defaultConfigurationName = Release;
		};
		A49C6C701DEEAFAF00622ACC /* Build configuration list for PBXNativeTarget "gotrackTests" */ = {
			isa = XCConfigurationList;
			buildConfigurations = (
				A49C6C711DEEAFAF00622ACC /* Debug */,
				A49C6C721DEEAFAF00622ACC /* Release */,
			);
			defaultConfigurationIsVisible = 0;
			defaultConfigurationName = Release;
		};
		A49C6C731DEEAFAF00622ACC /* Build configuration list for PBXNativeTarget "gotrackUITests" */ = {
			isa = XCConfigurationList;
			buildConfigurations = (
				A49C6C741DEEAFAF00622ACC /* Debug */,
				A49C6C751DEEAFAF00622ACC /* Release */,
			);
			defaultConfigurationIsVisible = 0;
			defaultConfigurationName = Release;
		};
/* End XCConfigurationList section */
	};
	rootObject = A49C6C3D1DEEAFAF00622ACC /* Project object */;
}
